PODS:
  - Alamofire (4.6.0)
  - Bolts/Tasks (1.9.0)
  - Parse (1.16.0):
    - Parse/Core (= 1.16.0)
  - Parse/Core (1.16.0):
    - Bolts/Tasks (~> 1.9)
  - SWRevealViewController (2.3.0)

DEPENDENCIES:
  - Alamofire
  - Parse
  - SWRevealViewController

SPEC CHECKSUMS:
  Alamofire: f41a599bd63041760b26d393ec1069d9d7b917f4
  Bolts: ac6567323eac61e203f6a9763667d0f711be34c8
  Parse: 5b36dc2c2f0a2fd82a257ae018bc3d68cf2c24e7
  SWRevealViewController: 6d3fd97f70112fd7cef9de14df4260eacce4c63a

PODFILE CHECKSUM: 43fb9b4bd1a1fe1cac94357e448f658dbcf8e942

COCOAPODS: 1.4.0
